
Microsoft Visual Studio Solution File, Format Version 12.00
# Visual Studio 15
VisualStudioVersion = 15.0.27004.2006
MinimumVisualStudioVersion = 10.0.40219.1
Project("{9A19103F-16F7-4668-BE54-9A1E7A4F7556}") = "BashSoft", "BashSoft.csproj", "{01870E78-D889-4046-BD02-8B368D9A4E19}"
EndProject
Project("{FAE04EC0-301F-11D3-BF4B-00C04F79EFBC}") = "BashSoftTesting", "..\BashSoftTesting\BashSoftTesting.csproj", "{FE6E71A7-18D0-4808-A1CE-E34201649908}"
EndProject
Global
	GlobalSection(SolutionConfigurationPlatforms) = preSolution
		Debug|Any CPU = Debug|Any CPU
		Release|Any CPU = Release|Any CPU
	EndGlobalSection
	GlobalSection(ProjectConfigurationPlatforms) = postSolution
		{01870E78-D889-4046-BD02-8B368D9A4E19}.Debug|Any CPU.ActiveCfg = Debug|Any CPU
		{01870E78-D889-4046-BD02-8B368D9A4E19}.Debug|Any CPU.Build.0 = Debug|Any CPU
		{01870E78-D889-4046-BD02-8B368D9A4E19}.Release|Any CPU.ActiveCfg = Release|Any CPU
		{01870E78-D889-4046-BD02-8B368D9A4E19}.Release|Any CPU.Build.0 = Release|Any CPU
		{FE6E71A7-18D0-4808-A1CE-E34201649908}.Debug|Any CPU.ActiveCfg = Debug|Any CPU
		{FE6E71A7-18D0-4808-A1CE-E34201649908}.Debug|Any CPU.Build.0 = Debug|Any CPU
		{FE6E71A7-18D0-4808-A1CE-E34201649908}.Release|Any CPU.ActiveCfg = Release|Any CPU
		{FE6E71A7-18D0-4808-A1CE-E34201649908}.Release|Any CPU.Build.0 = Release|Any CPU
	EndGlobalSection
	GlobalSection(SolutionProperties) = preSolution
		HideSolutionNode = FALSE
	EndGlobalSection
	GlobalSection(ExtensibilityGlobals) = postSolution
		SolutionGuid = {BF1755DF-450C-422E-B65B-7E54768BF9B1}
	EndGlobalSection
EndGlobal
